
Microsoft Visual Studio Solution File, Format Version 12.00
# Visual Studio Version 17
VisualStudioVersion = 17.4.33213.308
MinimumVisualStudioVersion = 10.0.40219.1
Project("{FAE04EC0-301F-11D3-BF4B-00C04F79EFBC}") = "CoffeeShopPOS", "CoffeeShopPOS.csproj", "{7A838920-87A0-4AC1-971B-5B38E4D895E8}"
EndProject
Global
	GlobalSection(SolutionConfigurationPlatforms) = preSolution
		Debug|Any CPU = Debug|Any CPU
		Release|Any CPU = Release|Any CPU
	EndGlobalSection
	GlobalSection(ProjectConfigurationPlatforms) = postSolution
		{7A838920-87A0-4AC1-971B-5B38E4D895E8}.Debug|Any CPU.ActiveCfg = Debug|Any CPU
		{7A838920-87A0-4AC1-971B-5B38E4D895E8}.Debug|Any CPU.Build.0 = Debug|Any CPU
		{7A838920-87A0-4AC1-971B-5B38E4D895E8}.Release|Any CPU.ActiveCfg = Release|Any CPU
		{7A838920-87A0-4AC1-971B-5B38E4D895E8}.Release|Any CPU.Build.0 = Release|Any CPU
	EndGlobalSection
	GlobalSection(SolutionProperties) = preSolution
		HideSolutionNode = FALSE
	EndGlobalSection
	GlobalSection(ExtensibilityGlobals) = postSolution
		SolutionGuid = {131C049A-C4E6-421B-B764-9169BD9E7021}
	EndGlobalSection
EndGlobal
